
Microsoft Visual Studio Solution File, Format Version 12.00
# Visual Studio Version 16
VisualStudioVersion = 16.0.31105.61
MinimumVisualStudioVersion = 10.0.40219.1
Project("{9A19103F-16F7-4668-BE54-9A1E7A4F7556}") = "PWSClient", "SharpRestClient\PWSClient.csproj", "{0C31DEBA-1EB4-4A40-987A-D92CDB7F89E3}"
EndProject
Project("{9A19103F-16F7-4668-BE54-9A1E7A4F7556}") = "Tests", "Tests\Tests.csproj", "{B426B769-BB10-44F7-84BC-49DE89671ECE}"
EndProject
Global
	GlobalSection(SolutionConfigurationPlatforms) = preSolution
		Debug|Any CPU = Debug|Any CPU
		Release|Any CPU = Release|Any CPU
	EndGlobalSection
	GlobalSection(ProjectConfigurationPlatforms) = postSolution
		{0C31DEBA-1EB4-4A40-987A-D92CDB7F89E3}.Debug|Any CPU.ActiveCfg = Debug|Any CPU
		{0C31DEBA-1EB4-4A40-987A-D92CDB7F89E3}.Debug|Any CPU.Build.0 = Debug|Any CPU
		{0C31DEBA-1EB4-4A40-987A-D92CDB7F89E3}.Release|Any CPU.ActiveCfg = Release|Any CPU
		{0C31DEBA-1EB4-4A40-987A-D92CDB7F89E3}.Release|Any CPU.Build.0 = Release|Any CPU
		{B426B769-BB10-44F7-84BC-49DE89671ECE}.Debug|Any CPU.ActiveCfg = Debug|Any CPU
		{B426B769-BB10-44F7-84BC-49DE89671ECE}.Debug|Any CPU.Build.0 = Debug|Any CPU
		{B426B769-BB10-44F7-84BC-49DE89671ECE}.Release|Any CPU.ActiveCfg = Release|Any CPU
		{B426B769-BB10-44F7-84BC-49DE89671ECE}.Release|Any CPU.Build.0 = Release|Any CPU
	EndGlobalSection
	GlobalSection(SolutionProperties) = preSolution
		HideSolutionNode = FALSE
	EndGlobalSection
	GlobalSection(ExtensibilityGlobals) = postSolution
		SolutionGuid = {1C9FBD31-0925-4F60-8450-9B659944C4B8}
	EndGlobalSection
EndGlobal
